
Microsoft Visual Studio Solution File, Format Version 12.00
# Visual Studio Version 17
VisualStudioVersion = 17.8.34525.116
MinimumVisualStudioVersion = 10.0.40219.1
Project("{9A19103F-16F7-4668-BE54-9A1E7A4F7556}") = "Scrat", "Scrat\Scrat.csproj", "{C78CC6A7-E692-4A4D-8A1D-E75D53D38651}"
EndProject
Project("{9A19103F-16F7-4668-BE54-9A1E7A4F7556}") = "Scrat_GUI", "Scrat_GUI\Scrat_GUI.csproj", "{B44E7C79-D640-4E3E-913F-9EBCF64D2FD0}"
	ProjectSection(ProjectDependencies) = postProject
		{C78CC6A7-E692-4A4D-8A1D-E75D53D38651} = {C78CC6A7-E692-4A4D-8A1D-E75D53D38651}
	EndProjectSection
EndProject
Global
	GlobalSection(SolutionConfigurationPlatforms) = preSolution
		Debug|Any CPU = Debug|Any CPU
		Release|Any CPU = Release|Any CPU
	EndGlobalSection
	GlobalSection(ProjectConfigurationPlatforms) = postSolution
		{C78CC6A7-E692-4A4D-8A1D-E75D53D38651}.Debug|Any CPU.ActiveCfg = Debug|Any CPU
		{C78CC6A7-E692-4A4D-8A1D-E75D53D38651}.Debug|Any CPU.Build.0 = Debug|Any CPU
		{C78CC6A7-E692-4A4D-8A1D-E75D53D38651}.Release|Any CPU.ActiveCfg = Release|Any CPU
		{C78CC6A7-E692-4A4D-8A1D-E75D53D38651}.Release|Any CPU.Build.0 = Release|Any CPU
		{B44E7C79-D640-4E3E-913F-9EBCF64D2FD0}.Debug|Any CPU.ActiveCfg = Debug|Any CPU
		{B44E7C79-D640-4E3E-913F-9EBCF64D2FD0}.Debug|Any CPU.Build.0 = Debug|Any CPU
		{B44E7C79-D640-4E3E-913F-9EBCF64D2FD0}.Release|Any CPU.ActiveCfg = Release|Any CPU
		{B44E7C79-D640-4E3E-913F-9EBCF64D2FD0}.Release|Any CPU.Build.0 = Release|Any CPU
	EndGlobalSection
	GlobalSection(SolutionProperties) = preSolution
		HideSolutionNode = FALSE
	EndGlobalSection
	GlobalSection(ExtensibilityGlobals) = postSolution
		SolutionGuid = {81689BCE-64CD-40BB-821C-AF1BC13F6CF4}
	EndGlobalSection
EndGlobal
